
Microsoft Visual Studio Solution File, Format Version 12.00
# Visual Studio Version 17
VisualStudioVersion = 17.12.35707.178 d17.12
MinimumVisualStudioVersion = 10.0.40219.1
Project("{FAE04EC0-301F-11D3-BF4B-00C04F79EFBC}") = "Instagram", "Instagram.csproj", "{225542E9-6F8C-4EDD-9FDD-43A392FE9199}"
EndProject
Global
	GlobalSection(SolutionConfigurationPlatforms) = preSolution
		Debug|Any CPU = Debug|Any CPU
		Release|Any CPU = Release|Any CPU
	EndGlobalSection
	GlobalSection(ProjectConfigurationPlatforms) = postSolution
		{225542E9-6F8C-4EDD-9FDD-43A392FE9199}.Debug|Any CPU.ActiveCfg = Debug|Any CPU
		{225542E9-6F8C-4EDD-9FDD-43A392FE9199}.Debug|Any CPU.Build.0 = Debug|Any CPU
		{225542E9-6F8C-4EDD-9FDD-43A392FE9199}.Release|Any CPU.ActiveCfg = Release|Any CPU
		{225542E9-6F8C-4EDD-9FDD-43A392FE9199}.Release|Any CPU.Build.0 = Release|Any CPU
	EndGlobalSection
	GlobalSection(SolutionProperties) = preSolution
		HideSolutionNode = FALSE
	EndGlobalSection
EndGlobal
